
Microsoft Visual Studio Solution File, Format Version 12.00
# Visual Studio Version 16
VisualStudioVersion = 16.0.29025.244
MinimumVisualStudioVersion = 10.0.40219.1
Project("{FAE04EC0-301F-11D3-BF4B-00C04F79EFBC}") = "SimpleIntersector", "SimpleIntersector.csproj", "{F187A64C-8ED3-4386-B74D-AAAC4D5DB5D1}"
EndProject
Global
	GlobalSection(SolutionConfigurationPlatforms) = preSolution
		Debug|Any CPU = Debug|Any CPU
		Release|Any CPU = Release|Any CPU
	EndGlobalSection
	GlobalSection(ProjectConfigurationPlatforms) = postSolution
		{F187A64C-8ED3-4386-B74D-AAAC4D5DB5D1}.Debug|Any CPU.ActiveCfg = Debug|Any CPU
		{F187A64C-8ED3-4386-B74D-AAAC4D5DB5D1}.Debug|Any CPU.Build.0 = Debug|Any CPU
		{F187A64C-8ED3-4386-B74D-AAAC4D5DB5D1}.Release|Any CPU.ActiveCfg = Release|Any CPU
		{F187A64C-8ED3-4386-B74D-AAAC4D5DB5D1}.Release|Any CPU.Build.0 = Release|Any CPU
	EndGlobalSection
	GlobalSection(SolutionProperties) = preSolution
		HideSolutionNode = FALSE
	EndGlobalSection
	GlobalSection(ExtensibilityGlobals) = postSolution
		SolutionGuid = {54BCA1FF-CA8E-4A8E-8ECA-F25FF1B12656}
	EndGlobalSection
EndGlobal
